
Microsoft Visual Studio Solution File, Format Version 12.00
# Visual Studio Version 17
VisualStudioVersion = 17.4.33205.214
MinimumVisualStudioVersion = 10.0.40219.1
Project("{FAE04EC0-301F-11D3-BF4B-00C04F79EFBC}") = "Test", "Test.csproj", "{14FB96BC-911E-4D52-B039-345EF59F8835}"
EndProject
Global
	GlobalSection(SolutionConfigurationPlatforms) = preSolution
		Debug|Any CPU = Debug|Any CPU
		Release|Any CPU = Release|Any CPU
	EndGlobalSection
	GlobalSection(ProjectConfigurationPlatforms) = postSolution
		{14FB96BC-911E-4D52-B039-345EF59F8835}.Debug|Any CPU.ActiveCfg = Debug|Any CPU
		{14FB96BC-911E-4D52-B039-345EF59F8835}.Debug|Any CPU.Build.0 = Debug|Any CPU
		{14FB96BC-911E-4D52-B039-345EF59F8835}.Release|Any CPU.ActiveCfg = Release|Any CPU
		{14FB96BC-911E-4D52-B039-345EF59F8835}.Release|Any CPU.Build.0 = Release|Any CPU
	EndGlobalSection
	GlobalSection(SolutionProperties) = preSolution
		HideSolutionNode = FALSE
	EndGlobalSection
	GlobalSection(ExtensibilityGlobals) = postSolution
		SolutionGuid = {6AAB8123-2C4B-4387-BC7E-AAB29F41D813}
	EndGlobalSection
EndGlobal
